
Microsoft Visual Studio Solution File, Format Version 12.00
# Visual Studio 15
VisualStudioVersion = 15.0.27703.2000
MinimumVisualStudioVersion = 10.0.40219.1
Project("{8BC9CEB8-8B4A-11D0-8D11-00A0C91BC942}") = "Aula alg2 09102018", "Aula alg2 09102018\Aula alg2 09102018.vcxproj", "{EE6882F1-8543-4884-92BA-D17EF61B2CE0}"
EndProject
Project("{8BC9CEB8-8B4A-11D0-8D11-00A0C91BC942}") = "Aula alg 2 11102018_funcoes", "Aula alg 2 11102018_funcoes\Aula alg 2 11102018_funcoes.vcxproj", "{3244E90F-6D30-4CB8-883B-95521AFC5246}"
EndProject
Project("{8BC9CEB8-8B4A-11D0-8D11-00A0C91BC942}") = "Aula alg 2 16102018__condicionais", "Aula alg 2 16102018__condicionais\Aula alg 2 16102018__condicionais.vcxproj", "{E7697728-0A8F-4B30-9688-6CDFD3B3688F}"
EndProject
Project("{8BC9CEB8-8B4A-11D0-8D11-00A0C91BC942}") = "Aula alg 2 18102018_condicionais", "Aula alg 2 18102018_condicionais\Aula alg 2 18102018_condicionais.vcxproj", "{BA2D517F-2151-4FB4-B1A7-15EBF8ED42AF}"
EndProject
Project("{8BC9CEB8-8B4A-11D0-8D11-00A0C91BC942}") = "aula alg2 23102018_condicionais", "aula alg2 23102018_condicionais\aula alg2 23102018_condicionais.vcxproj", "{3ADE3302-37B9-4DDD-855A-8F00CE861933}"
EndProject
Global
	GlobalSection(SolutionConfigurationPlatforms) = preSolution
		Debug|x64 = Debug|x64
		Debug|x86 = Debug|x86
		Release|x64 = Release|x64
		Release|x86 = Release|x86
	EndGlobalSection
	GlobalSection(ProjectConfigurationPlatforms) = postSolution
		{EE6882F1-8543-4884-92BA-D17EF61B2CE0}.Debug|x64.ActiveCfg = Debug|x64
		{EE6882F1-8543-4884-92BA-D17EF61B2CE0}.Debug|x64.Build.0 = Debug|x64
		{EE6882F1-8543-4884-92BA-D17EF61B2CE0}.Debug|x86.ActiveCfg = Debug|Win32
		{EE6882F1-8543-4884-92BA-D17EF61B2CE0}.Debug|x86.Build.0 = Debug|Win32
		{EE6882F1-8543-4884-92BA-D17EF61B2CE0}.Release|x64.ActiveCfg = Release|x64
		{EE6882F1-8543-4884-92BA-D17EF61B2CE0}.Release|x64.Build.0 = Release|x64
		{EE6882F1-8543-4884-92BA-D17EF61B2CE0}.Release|x86.ActiveCfg = Release|Win32
		{EE6882F1-8543-4884-92BA-D17EF61B2CE0}.Release|x86.Build.0 = Release|Win32
		{3244E90F-6D30-4CB8-883B-95521AFC5246}.Debug|x64.ActiveCfg = Debug|x64
		{3244E90F-6D30-4CB8-883B-95521AFC5246}.Debug|x64.Build.0 = Debug|x64
		{3244E90F-6D30-4CB8-883B-95521AFC5246}.Debug|x86.ActiveCfg = Debug|Win32
		{3244E90F-6D30-4CB8-883B-95521AFC5246}.Debug|x86.Build.0 = Debug|Win32
		{3244E90F-6D30-4CB8-883B-95521AFC5246}.Release|x64.ActiveCfg = Release|x64
		{3244E90F-6D30-4CB8-883B-95521AFC5246}.Release|x64.Build.0 = Release|x64
		{3244E90F-6D30-4CB8-883B-95521AFC5246}.Release|x86.ActiveCfg = Release|Win32
		{3244E90F-6D30-4CB8-883B-95521AFC5246}.Release|x86.Build.0 = Release|Win32
		{E7697728-0A8F-4B30-9688-6CDFD3B3688F}.Debug|x64.ActiveCfg = Debug|x64
		{E7697728-0A8F-4B30-9688-6CDFD3B3688F}.Debug|x64.Build.0 = Debug|x64
		{E7697728-0A8F-4B30-9688-6CDFD3B3688F}.Debug|x86.ActiveCfg = Debug|Win32
		{E7697728-0A8F-4B30-9688-6CDFD3B3688F}.Debug|x86.Build.0 = Debug|Win32
		{E7697728-0A8F-4B30-9688-6CDFD3B3688F}.Release|x64.ActiveCfg = Release|x64
		{E7697728-0A8F-4B30-9688-6CDFD3B3688F}.Release|x64.Build.0 = Release|x64
		{E7697728-0A8F-4B30-9688-6CDFD3B3688F}.Release|x86.ActiveCfg = Release|Win32
		{E7697728-0A8F-4B30-9688-6CDFD3B3688F}.Release|x86.Build.0 = Release|Win32
		{BA2D517F-2151-4FB4-B1A7-15EBF8ED42AF}.Debug|x64.ActiveCfg = Debug|x64
		{BA2D517F-2151-4FB4-B1A7-15EBF8ED42AF}.Debug|x64.Build.0 = Debug|x64
		{BA2D517F-2151-4FB4-B1A7-15EBF8ED42AF}.Debug|x86.ActiveCfg = Debug|Win32
		{BA2D517F-2151-4FB4-B1A7-15EBF8ED42AF}.Debug|x86.Build.0 = Debug|Win32
		{BA2D517F-2151-4FB4-B1A7-15EBF8ED42AF}.Release|x64.ActiveCfg = Release|x64
		{BA2D517F-2151-4FB4-B1A7-15EBF8ED42AF}.Release|x64.Build.0 = Release|x64
		{BA2D517F-2151-4FB4-B1A7-15EBF8ED42AF}.Release|x86.ActiveCfg = Release|Win32
		{BA2D517F-2151-4FB4-B1A7-15EBF8ED42AF}.Release|x86.Build.0 = Release|Win32
		{3ADE3302-37B9-4DDD-855A-8F00CE861933}.Debug|x64.ActiveCfg = Debug|x64
		{3ADE3302-37B9-4DDD-855A-8F00CE861933}.Debug|x64.Build.0 = Debug|x64
		{3ADE3302-37B9-4DDD-855A-8F00CE861933}.Debug|x86.ActiveCfg = Debug|Win32
		{3ADE3302-37B9-4DDD-855A-8F00CE861933}.Debug|x86.Build.0 = Debug|Win32
		{3ADE3302-37B9-4DDD-855A-8F00CE861933}.Release|x64.ActiveCfg = Release|x64
		{3ADE3302-37B9-4DDD-855A-8F00CE861933}.Release|x64.Build.0 = Release|x64
		{3ADE3302-37B9-4DDD-855A-8F00CE861933}.Release|x86.ActiveCfg = Release|Win32
		{3ADE3302-37B9-4DDD-855A-8F00CE861933}.Release|x86.Build.0 = Release|Win32
	EndGlobalSection
	GlobalSection(SolutionProperties) = preSolution
		HideSolutionNode = FALSE
	EndGlobalSection
	GlobalSection(ExtensibilityGlobals) = postSolution
		SolutionGuid = {27D7D6C8-A623-490C-923F-634D83EF7A64}
	EndGlobalSection
EndGlobal
